// !$*UTF8*$!
{
	archiveVersion = 1;
	classes = {
	};
	objectVersion = 46;
	objects = {

/* Begin PBXBuildFile section */
		831360021A9BCC4600053D1E /* main.m in Sources */ = {isa = PBXBuildFile; fileRef = 831360011A9BCC4600053D1E /* main.m */; };
		831360051A9BCC4600053D1E /* AppDelegate.m in Sources */ = {isa = PBXBuildFile; fileRef = 831360041A9BCC4600053D1E /* AppDelegate.m */; };
		831360081A9BCC4600053D1E /* ListViewController.m in Sources */ = {isa = PBXBuildFile; fileRef = 831360071A9BCC4600053D1E /* ListViewController.m */; };
		831360101A9BCC4600053D1E /* LaunchScreen.xib in Resources */ = {isa = PBXBuildFile; fileRef = 8313600E1A9BCC4600053D1E /* LaunchScreen.xib */; };
		8313601C1A9BCC4600053D1E /* DayXStoryboardTests.m in Sources */ = {isa = PBXBuildFile; fileRef = 8313601B1A9BCC4600053D1E /* DayXStoryboardTests.m */; };
		831360281A9BCFEC00053D1E /* ListViewDataSource.m in Sources */ = {isa = PBXBuildFile; fileRef = 831360271A9BCFEC00053D1E /* ListViewDataSource.m */; };
		8313602C1A9BD45300053D1E /* DetailViewController.m in Sources */ = {isa = PBXBuildFile; fileRef = 8313602B1A9BD45300053D1E /* DetailViewController.m */; };
		831360381A9BDDAB00053D1E /* EntryController.m in Sources */ = {isa = PBXBuildFile; fileRef = 831360371A9BDDAB00053D1E /* EntryController.m */; };
		831360A81A9E4EDC00053D1E /* CoreData.framework in Frameworks */ = {isa = PBXBuildFile; fileRef = 831360A71A9E4EDB00053D1E /* CoreData.framework */; };
		831360AB1A9E4F1A00053D1E /* Model.xcdatamodeld in Sources */ = {isa = PBXBuildFile; fileRef = 831360A91A9E4F1A00053D1E /* Model.xcdatamodeld */; };
		831360AE1A9E528900053D1E /* Stack.m in Sources */ = {isa = PBXBuildFile; fileRef = 831360AD1A9E528900053D1E /* Stack.m */; };
		831360B11A9E52C100053D1E /* Entry.m in Sources */ = {isa = PBXBuildFile; fileRef = 831360B01A9E52C100053D1E /* Entry.m */; };
/* End PBXBuildFile section */

/* Begin PBXContainerItemProxy section */
		831360161A9BCC4600053D1E /* PBXContainerItemProxy */ = {
			isa = PBXContainerItemProxy;
			containerPortal = 83135FF41A9BCC4600053D1E /* Project object */;
			proxyType = 1;
			remoteGlobalIDString = 83135FFB1A9BCC4600053D1E;
			remoteInfo = DayXStoryboard;
		};
/* End PBXContainerItemProxy section */

/* Begin PBXFileReference section */
		83135FFC1A9BCC4600053D1E /* DayXStoryboard.app */ = {isa = PBXFileReference; explicitFileType = wrapper.application; includeInIndex = 0; path = DayXStoryboard.app; sourceTree = BUILT_PRODUCTS_DIR; };
		831360001A9BCC4600053D1E /* Info.plist */ = {isa = PBXFileReference; lastKnownFileType = text.plist.xml; path = Info.plist; sourceTree = "<group>"; };
		831360011A9BCC4600053D1E /* main.m */ = {isa = PBXFileReference; lastKnownFileType = sourcecode.c.objc; path = main.m; sourceTree = "<group>"; };
		831360031A9BCC4600053D1E /* AppDelegate.h */ = {isa = PBXFileReference; lastKnownFileType = sourcecode.c.h; path = AppDelegate.h; sourceTree = "<group>"; };
		831360041A9BCC4600053D1E /* AppDelegate.m */ = {isa = PBXFileReference; lastKnownFileType = sourcecode.c.objc; path = AppDelegate.m; sourceTree = "<group>"; };
		831360061A9BCC4600053D1E /* ListViewController.h */ = {isa = PBXFileReference; lastKnownFileType = sourcecode.c.h; path = ListViewController.h; sourceTree = "<group>"; };
		831360071A9BCC4600053D1E /* ListViewController.m */ = {isa = PBXFileReference; lastKnownFileType = sourcecode.c.objc; path = ListViewController.m; sourceTree = "<group>"; };
		8313600F1A9BCC4600053D1E /* Base */ = {isa = PBXFileReference; lastKnownFileType = file.xib; name = Base; path = Base.lproj/LaunchScreen.xib; sourceTree = "<group>"; };
		831360151A9BCC4600053D1E /* DayXStoryboardTests.xctest */ = {isa = PBXFileReference; explicitFileType = wrapper.cfbundle; includeInIndex = 0; path = DayXStoryboardTests.xctest; sourceTree = BUILT_PRODUCTS_DIR; };
		8313601A1A9BCC4600053D1E /* Info.plist */ = {isa = PBXFileReference; lastKnownFileType = text.plist.xml; path = Info.plist; sourceTree = "<group>"; };
		8313601B1A9BCC4600053D1E /* DayXStoryboardTests.m */ = {isa = PBXFileReference; lastKnownFileType = sourcecode.c.objc; path = DayXStoryboardTests.m; sourceTree = "<group>"; };
		831360261A9BCFEC00053D1E /* ListViewDataSource.h */ = {isa = PBXFileReference; fileEncoding = 4; lastKnownFileType = sourcecode.c.h; path = ListViewDataSource.h; sourceTree = "<group>"; };
		831360271A9BCFEC00053D1E /* ListViewDataSource.m */ = {isa = PBXFileReference; fileEncoding = 4; lastKnownFileType = sourcecode.c.objc; path = ListViewDataSource.m; sourceTree = "<group>"; };
		8313602A1A9BD45300053D1E /* DetailViewController.h */ = {isa = PBXFileReference; fileEncoding = 4; lastKnownFileType = sourcecode.c.h; path = DetailViewController.h; sourceTree = "<group>"; };
		8313602B1A9BD45300053D1E /* DetailViewController.m */ = {isa = PBXFileReference; fileEncoding = 4; lastKnownFileType = sourcecode.c.objc; path = DetailViewController.m; sourceTree = "<group>"; };
		831360361A9BDDAB00053D1E /* EntryController.h */ = {isa = PBXFileReference; fileEncoding = 4; lastKnownFileType = sourcecode.c.h; path = EntryController.h; sourceTree = "<group>"; };
		831360371A9BDDAB00053D1E /* EntryController.m */ = {isa = PBXFileReference; fileEncoding = 4; lastKnownFileType = sourcecode.c.objc; path = EntryController.m; sourceTree = "<group>"; };
		8313603E1A9D1E3100053D1E /* Main.storyboard */ = {isa = PBXFileReference; fileEncoding = 4; lastKnownFileType = file.storyboard; path = Main.storyboard; sourceTree = "<group>"; };
		831360A71A9E4EDB00053D1E /* CoreData.framework */ = {isa = PBXFileReference; lastKnownFileType = wrapper.framework; name = CoreData.framework; path = System/Library/Frameworks/CoreData.framework; sourceTree = SDKROOT; };
		831360AA1A9E4F1A00053D1E /* Model.xcdatamodel */ = {isa = PBXFileReference; lastKnownFileType = wrapper.xcdatamodel; path = Model.xcdatamodel; sourceTree = "<group>"; };
		831360AC1A9E528900053D1E /* Stack.h */ = {isa = PBXFileReference; fileEncoding = 4; lastKnownFileType = sourcecode.c.h; name = Stack.h; path = "../../../../Downloads/gist6ba5accdb4b8d5d98af0-ea7f4d6b66d85428e961555afa2a793189a5b807/Stack.h"; sourceTree = "<group>"; };
		831360AD1A9E528900053D1E /* Stack.m */ = {isa = PBXFileReference; fileEncoding = 4; lastKnownFileType = sourcecode.c.objc; name = Stack.m; path = "../../../../Downloads/gist6ba5accdb4b8d5d98af0-ea7f4d6b66d85428e961555afa2a793189a5b807/Stack.m"; sourceTree = "<group>"; };
		831360AF1A9E52C100053D1E /* Entry.h */ = {isa = PBXFileReference; fileEncoding = 4; lastKnownFileType = sourcecode.c.h; path = Entry.h; sourceTree = "<group>"; };
		831360B01A9E52C100053D1E /* Entry.m */ = {isa = PBXFileReference; fileEncoding = 4; lastKnownFileType = sourcecode.c.objc; path = Entry.m; sourceTree = "<group>"; };
/* End PBXFileReference section */

/* Begin PBXFrameworksBuildPhase section */
		83135FF91A9BCC4600053D1E /* Frameworks */ = {
			isa = PBXFrameworksBuildPhase;
			buildActionMask = 2147483647;
			files = (
				831360A81A9E4EDC00053D1E /* CoreData.framework in Frameworks */,
			);
			runOnlyForDeploymentPostprocessing = 0;
		};
		831360121A9BCC4600053D1E /* Frameworks */ = {
			isa = PBXFrameworksBuildPhase;
			buildActionMask = 2147483647;
			files = (
			);
			runOnlyForDeploymentPostprocessing = 0;
		};
/* End PBXFrameworksBuildPhase section */

/* Begin PBXGroup section */
		83135FF31A9BCC4500053D1E = {
			isa = PBXGroup;
			children = (
				831360A91A9E4F1A00053D1E /* Model.xcdatamodeld */,
				831360AF1A9E52C100053D1E /* Entry.h */,
				831360B01A9E52C100053D1E /* Entry.m */,
				831360AC1A9E528900053D1E /* Stack.h */,
				831360AD1A9E528900053D1E /* Stack.m */,
				8313603E1A9D1E3100053D1E /* Main.storyboard */,
				83135FFE1A9BCC4600053D1E /* DayXStoryboard */,
				831360181A9BCC4600053D1E /* DayXStoryboardTests */,
				83135FFD1A9BCC4600053D1E /* Products */,
			);
			sourceTree = "<group>";
		};
		83135FFD1A9BCC4600053D1E /* Products */ = {
			isa = PBXGroup;
			children = (
				83135FFC1A9BCC4600053D1E /* DayXStoryboard.app */,
				831360151A9BCC4600053D1E /* DayXStoryboardTests.xctest */,
			);
			name = Products;
			sourceTree = "<group>";
		};
		83135FFE1A9BCC4600053D1E /* DayXStoryboard */ = {
			isa = PBXGroup;
			children = (
				831360031A9BCC4600053D1E /* AppDelegate.h */,
				831360041A9BCC4600053D1E /* AppDelegate.m */,
				831360351A9BDD2B00053D1E /* Entry */,
				8313602D1A9BD45800053D1E /* Detail ViewController */,
				831360251A9BCF6000053D1E /* List ViewController */,
				83135FFF1A9BCC4600053D1E /* Supporting Files */,
			);
			path = DayXStoryboard;
			sourceTree = "<group>";
		};
		83135FFF1A9BCC4600053D1E /* Supporting Files */ = {
			isa = PBXGroup;
			children = (
				831360A71A9E4EDB00053D1E /* CoreData.framework */,
				8313600E1A9BCC4600053D1E /* LaunchScreen.xib */,
				831360001A9BCC4600053D1E /* Info.plist */,
				831360011A9BCC4600053D1E /* main.m */,
			);
			name = "Supporting Files";
			sourceTree = "<group>";
		};
		831360181A9BCC4600053D1E /* DayXStoryboardTests */ = {
			isa = PBXGroup;
			children = (
				8313601B1A9BCC4600053D1E /* DayXStoryboardTests.m */,
				831360191A9BCC4600053D1E /* Supporting Files */,
			);
			path = DayXStoryboardTests;
			sourceTree = "<group>";
		};
		831360191A9BCC4600053D1E /* Supporting Files */ = {
			isa = PBXGroup;
			children = (
				8313601A1A9BCC4600053D1E /* Info.plist */,
			);
			name = "Supporting Files";
			sourceTree = "<group>";
		};
		831360251A9BCF6000053D1E /* List ViewController */ = {
			isa = PBXGroup;
			children = (
				831360061A9BCC4600053D1E /* ListViewController.h */,
				831360071A9BCC4600053D1E /* ListViewController.m */,
				831360291A9BCFF400053D1E /* ListView DataSource */,
			);
			name = "List ViewController";
			sourceTree = "<group>";
		};
		831360291A9BCFF400053D1E /* ListView DataSource */ = {
			isa = PBXGroup;
			children = (
				831360261A9BCFEC00053D1E /* ListViewDataSource.h */,
				831360271A9BCFEC00053D1E /* ListViewDataSource.m */,
			);
			name = "ListView DataSource";
			sourceTree = "<group>";
		};
		8313602D1A9BD45800053D1E /* Detail ViewController */ = {
			isa = PBXGroup;
			children = (
				8313602A1A9BD45300053D1E /* DetailViewController.h */,
				8313602B1A9BD45300053D1E /* DetailViewController.m */,
			);
			name = "Detail ViewController";
			sourceTree = "<group>";
		};
		831360351A9BDD2B00053D1E /* Entry */ = {
			isa = PBXGroup;
			children = (
				831360391A9BDDB100053D1E /* EntryController */,
			);
			name = Entry;
			sourceTree = "<group>";
		};
		831360391A9BDDB100053D1E /* EntryController */ = {
			isa = PBXGroup;
			children = (
				831360361A9BDDAB00053D1E /* EntryController.h */,
				831360371A9BDDAB00053D1E /* EntryController.m */,
			);
			name = EntryController;
			sourceTree = "<group>";
		};
/* End PBXGroup section */

/* Begin PBXNativeTarget section */
		83135FFB1A9BCC4600053D1E /* DayXStoryboard */ = {
			isa = PBXNativeTarget;
			buildConfigurationList = 8313601F1A9BCC4600053D1E /* Build configuration list for PBXNativeTarget "DayXStoryboard" */;
			buildPhases = (
				83135FF81A9BCC4600053D1E /* Sources */,
				83135FF91A9BCC4600053D1E /* Frameworks */,
				83135FFA1A9BCC4600053D1E /* Resources */,
			);
			buildRules = (
			);
			dependencies = (
			);
			name = DayXStoryboard;
			productName = DayXStoryboard;
			productReference = 83135FFC1A9BCC4600053D1E /* DayXStoryboard.app */;
			productType = "com.apple.product-type.application";
		};
		831360141A9BCC4600053D1E /* DayXStoryboardTests */ = {
			isa = PBXNativeTarget;
			buildConfigurationList = 831360221A9BCC4600053D1E /* Build configuration list for PBXNativeTarget "DayXStoryboardTests" */;
			buildPhases = (
				831360111A9BCC4600053D1E /* Sources */,
				831360121A9BCC4600053D1E /* Frameworks */,
				831360131A9BCC4600053D1E /* Resources */,
			);
			buildRules = (
			);
			dependencies = (
				831360171A9BCC4600053D1E /* PBXTargetDependency */,
			);
			name = DayXStoryboardTests;
			productName = DayXStoryboardTests;
			productReference = 831360151A9BCC4600053D1E /* DayXStoryboardTests.xctest */;
			productType = "com.apple.product-type.bundle.unit-test";
		};
/* End PBXNativeTarget section */

/* Begin PBXProject section */
		83135FF41A9BCC4600053D1E /* Project object */ = {
			isa = PBXProject;
			attributes = {
				LastUpgradeCheck = 0610;
				ORGANIZATIONNAME = "Jordan Nelson";
				TargetAttributes = {
					83135FFB1A9BCC4600053D1E = {
						CreatedOnToolsVersion = 6.1.1;
					};
					831360141A9BCC4600053D1E = {
						CreatedOnToolsVersion = 6.1.1;
						TestTargetID = 83135FFB1A9BCC4600053D1E;
					};
				};
			};
			buildConfigurationList = 83135FF71A9BCC4600053D1E /* Build configuration list for PBXProject "DayXStoryboard" */;
			compatibilityVersion = "Xcode 3.2";
			developmentRegion = English;
			hasScannedForEncodings = 0;
			knownRegions = (
				en,
				Base,
			);
			mainGroup = 83135FF31A9BCC4500053D1E;
			productRefGroup = 83135FFD1A9BCC4600053D1E /* Products */;
			projectDirPath = "";
			projectRoot = "";
			targets = (
				83135FFB1A9BCC4600053D1E /* DayXStoryboard */,
				831360141A9BCC4600053D1E /* DayXStoryboardTests */,
			);
		};
/* End PBXProject section */

/* Begin PBXResourcesBuildPhase section */
		83135FFA1A9BCC4600053D1E /* Resources */ = {
			isa = PBXResourcesBuildPhase;
			buildActionMask = 2147483647;
			files = (
				831360101A9BCC4600053D1E /* LaunchScreen.xib in Resources */,
			);
			runOnlyForDeploymentPostprocessing = 0;
		};
		831360131A9BCC4600053D1E /* Resources */ = {
			isa = PBXResourcesBuildPhase;
			buildActionMask = 2147483647;
			files = (
			);
			runOnlyForDeploymentPostprocessing = 0;
		};
/* End PBXResourcesBuildPhase section */

/* Begin PBXSourcesBuildPhase section */
		83135FF81A9BCC4600053D1E /* Sources */ = {
			isa = PBXSourcesBuildPhase;
			buildActionMask = 2147483647;
			files = (
				831360AE1A9E528900053D1E /* Stack.m in Sources */,
				8313602C1A9BD45300053D1E /* DetailViewController.m in Sources */,
				831360381A9BDDAB00053D1E /* EntryController.m in Sources */,
				831360081A9BCC4600053D1E /* ListViewController.m in Sources */,
				831360AB1A9E4F1A00053D1E /* Model.xcdatamodeld in Sources */,
				831360B11A9E52C100053D1E /* Entry.m in Sources */,
				831360281A9BCFEC00053D1E /* ListViewDataSource.m in Sources */,
				831360051A9BCC4600053D1E /* AppDelegate.m in Sources */,
				831360021A9BCC4600053D1E /* main.m in Sources */,
			);
			runOnlyForDeploymentPostprocessing = 0;
		};
		831360111A9BCC4600053D1E /* Sources */ = {
			isa = PBXSourcesBuildPhase;
			buildActionMask = 2147483647;
			files = (
				8313601C1A9BCC4600053D1E /* DayXStoryboardTests.m in Sources */,
			);
			runOnlyForDeploymentPostprocessing = 0;
		};
/* End PBXSourcesBuildPhase section */

/* Begin PBXTargetDependency section */
		831360171A9BCC4600053D1E /* PBXTargetDependency */ = {
			isa = PBXTargetDependency;
			target = 83135FFB1A9BCC4600053D1E /* DayXStoryboard */;
			targetProxy = 831360161A9BCC4600053D1E /* PBXContainerItemProxy */;
		};
/* End PBXTargetDependency section */

/* Begin PBXVariantGroup section */
		8313600E1A9BCC4600053D1E /* LaunchScreen.xib */ = {
			isa = PBXVariantGroup;
			children = (
				8313600F1A9BCC4600053D1E /* Base */,
			);
			name = LaunchScreen.xib;
			sourceTree = "<group>";
		};
/* End PBXVariantGroup section */

/* Begin XCBuildConfiguration section */
		8313601D1A9BCC4600053D1E /* Debug */ = {
			isa = XCBuildConfiguration;
			buildSettings = {
				ALWAYS_SEARCH_USER_PATHS = NO;
				CLANG_CXX_LANGUAGE_STANDARD = "gnu++0x";
				CLANG_CXX_LIBRARY = "libc++";
				CLANG_ENABLE_MODULES = YES;
				CLANG_ENABLE_OBJC_ARC = YES;
				CLANG_WARN_BOOL_CONVERSION = YES;
				CLANG_WARN_CONSTANT_CONVERSION = YES;
				CLANG_WARN_DIRECT_OBJC_ISA_USAGE = YES_ERROR;
				CLANG_WARN_EMPTY_BODY = YES;
				CLANG_WARN_ENUM_CONVERSION = YES;
				CLANG_WARN_INT_CONVERSION = YES;
				CLANG_WARN_OBJC_ROOT_CLASS = YES_ERROR;
				CLANG_WARN_UNREACHABLE_CODE = YES;
				CLANG_WARN__DUPLICATE_METHOD_MATCH = YES;
				"CODE_SIGN_IDENTITY[sdk=iphoneos*]" = "iPhone Developer";
				COPY_PHASE_STRIP = NO;
				ENABLE_STRICT_OBJC_MSGSEND = YES;
				GCC_C_LANGUAGE_STANDARD = gnu99;
				GCC_DYNAMIC_NO_PIC = NO;
				GCC_OPTIMIZATION_LEVEL = 0;
				GCC_PREPROCESSOR_DEFINITIONS = (
					"DEBUG=1",
					"$(inherited)",
				);
				GCC_SYMBOLS_PRIVATE_EXTERN = NO;
				GCC_WARN_64_TO_32_BIT_CONVERSION = YES;
				GCC_WARN_ABOUT_RETURN_TYPE = YES_ERROR;
				GCC_WARN_UNDECLARED_SELECTOR = YES;
				GCC_WARN_UNINITIALIZED_AUTOS = YES_AGGRESSIVE;
				GCC_WARN_UNUSED_FUNCTION = YES;
				GCC_WARN_UNUSED_VARIABLE = YES;
				IPHONEOS_DEPLOYMENT_TARGET = 8.1;
				MTL_ENABLE_DEBUG_INFO = YES;
				ONLY_ACTIVE_ARCH = YES;
				SDKROOT = iphoneos;
			};
			name = Debug;
		};
		8313601E1A9BCC4600053D1E /* Release */ = {
			isa = XCBuildConfiguration;
			buildSettings = {
				ALWAYS_SEARCH_USER_PATHS = NO;
				CLANG_CXX_LANGUAGE_STANDARD = "gnu++0x";
				CLANG_CXX_LIBRARY = "libc++";
				CLANG_ENABLE_MODULES = YES;
				CLANG_ENABLE_OBJC_ARC = YES;
				CLANG_WARN_BOOL_CONVERSION = YES;
				CLANG_WARN_CONSTANT_CONVERSION = YES;
				CLANG_WARN_DIRECT_OBJC_ISA_USAGE = YES_ERROR;
				CLANG_WARN_EMPTY_BODY = YES;
				CLANG_WARN_ENUM_CONVERSION = YES;
				CLANG_WARN_INT_CONVERSION = YES;
				CLANG_WARN_OBJC_ROOT_CLASS = YES_ERROR;
				CLANG_WARN_UNREACHABLE_CODE = YES;
				CLANG_WARN__DUPLICATE_METHOD_MATCH = YES;
				"CODE_SIGN_IDENTITY[sdk=iphoneos*]" = "iPhone Developer";
				COPY_PHASE_STRIP = YES;
				ENABLE_NS_ASSERTIONS = NO;
				ENABLE_STRICT_OBJC_MSGSEND = YES;
				GCC_C_LANGUAGE_STANDARD = gnu99;
				GCC_WARN_64_TO_32_BIT_CONVERSION = YES;
				GCC_WARN_ABOUT_RETURN_TYPE = YES_ERROR;
				GCC_WARN_UNDECLARED_SELECTOR = YES;
				GCC_WARN_UNINITIALIZED_AUTOS = YES_AGGRESSIVE;
				GCC_WARN_UNUSED_FUNCTION = YES;
				GCC_WARN_UNUSED_VARIABLE = YES;
				IPHONEOS_DEPLOYMENT_TARGET = 8.1;
				MTL_ENABLE_DEBUG_INFO = NO;
				SDKROOT = iphoneos;
				VALIDATE_PRODUCT = YES;
			};
			name = Release;
		};
		831360201A9BCC4600053D1E /* Debug */ = {
			isa = XCBuildConfiguration;
			buildSettings = {
				ASSETCATALOG_COMPILER_APPICON_NAME = AppIcon;
				INFOPLIST_FILE = DayXStoryboard/Info.plist;
				LD_RUNPATH_SEARCH_PATHS = "$(inherited) @executable_path/Frameworks";
				PRODUCT_NAME = "$(TARGET_NAME)";
			};
			name = Debug;
		};
		831360211A9BCC4600053D1E /* Release */ = {
			isa = XCBuildConfiguration;
			buildSettings = {
				ASSETCATALOG_COMPILER_APPICON_NAME = AppIcon;
				INFOPLIST_FILE = DayXStoryboard/Info.plist;
				LD_RUNPATH_SEARCH_PATHS = "$(inherited) @executable_path/Frameworks";
				PRODUCT_NAME = "$(TARGET_NAME)";
			};
			name = Release;
		};
		831360231A9BCC4600053D1E /* Debug */ = {
			isa = XCBuildConfiguration;
			buildSettings = {
				BUNDLE_LOADER = "$(TEST_HOST)";
				FRAMEWORK_SEARCH_PATHS = (
					"$(SDKROOT)/Developer/Library/Frameworks",
					"$(inherited)",
				);
				GCC_PREPROCESSOR_DEFINITIONS = (
					"DEBUG=1",
					"$(inherited)",
				);
				INFOPLIST_FILE = DayXStoryboardTests/Info.plist;
				LD_RUNPATH_SEARCH_PATHS = "$(inherited) @executable_path/Frameworks @loader_path/Frameworks";
				PRODUCT_NAME = "$(TARGET_NAME)";
				TEST_HOST = "$(BUILT_PRODUCTS_DIR)/DayXStoryboard.app/DayXStoryboard";
			};
			name = Debug;
		};
		831360241A9BCC4600053D1E /* Release */ = {
			isa = XCBuildConfiguration;
			buildSettings = {
				BUNDLE_LOADER = "$(TEST_HOST)";
				FRAMEWORK_SEARCH_PATHS = (
					"$(SDKROOT)/Developer/Library/Frameworks",
					"$(inherited)",
				);
				INFOPLIST_FILE = DayXStoryboardTests/Info.plist;
				LD_RUNPATH_SEARCH_PATHS = "$(inherited) @executable_path/Frameworks @loader_path/Frameworks";
				PRODUCT_NAME = "$(TARGET_NAME)";
				TEST_HOST = "$(BUILT_PRODUCTS_DIR)/DayXStoryboard.app/DayXStoryboard";
			};
			name = Release;
		};
/* End XCBuildConfiguration section */

/* Begin XCConfigurationList section */
		83135FF71A9BCC4600053D1E /* Build configuration list for PBXProject "DayXStoryboard" */ = {
			isa = XCConfigurationList;
			buildConfigurations = (
				8313601D1A9BCC4600053D1E /* Debug */,
				8313601E1A9BCC4600053D1E /* Release */,
			);
			defaultConfigurationIsVisible = 0;
			defaultConfigurationName = Release;
		};
		8313601F1A9BCC4600053D1E /* Build configuration list for PBXNativeTarget "DayXStoryboard" */ = {
			isa = XCConfigurationList;
			buildConfigurations = (
				831360201A9BCC4600053D1E /* Debug */,
				831360211A9BCC4600053D1E /* Release */,
			);
			defaultConfigurationIsVisible = 0;
			defaultConfigurationName = Release;
		};
		831360221A9BCC4600053D1E /* Build configuration list for PBXNativeTarget "DayXStoryboardTests" */ = {
			isa = XCConfigurationList;
			buildConfigurations = (
				831360231A9BCC4600053D1E /* Debug */,
				831360241A9BCC4600053D1E /* Release */,
			);
			defaultConfigurationIsVisible = 0;
			defaultConfigurationName = Release;
		};
/* End XCConfigurationList section */

/* Begin XCVersionGroup section */
		831360A91A9E4F1A00053D1E /* Model.xcdatamodeld */ = {
			isa = XCVersionGroup;
			children = (
				831360AA1A9E4F1A00053D1E /* Model.xcdatamodel */,
			);
			currentVersion = 831360AA1A9E4F1A00053D1E /* Model.xcdatamodel */;
			path = Model.xcdatamodeld;
			sourceTree = "<group>";
			versionGroupType = wrapper.xcdatamodel;
		};
/* End XCVersionGroup section */
	};
	rootObject = 83135FF41A9BCC4600053D1E /* Project object */;
}
